
Microsoft Visual Studio Solution File, Format Version 11.00
# Visual Studio 2010
Project("{FAE04EC0-301F-11D3-BF4B-00C04F79EFBC}") = "AkamaiCache", "AkamaiCache.csproj", "{D877EF45-0DF0-429D-9C6A-264D64C3A9EB}"
EndProject
Global
	GlobalSection(SolutionConfigurationPlatforms) = preSolution
		Debug|Any CPU = Debug|Any CPU
		Release|Any CPU = Release|Any CPU
	EndGlobalSection
	GlobalSection(ProjectConfigurationPlatforms) = postSolution
		{D877EF45-0DF0-429D-9C6A-264D64C3A9EB}.Debug|Any CPU.ActiveCfg = Debug|Any CPU
		{D877EF45-0DF0-429D-9C6A-264D64C3A9EB}.Debug|Any CPU.Build.0 = Debug|Any CPU
		{D877EF45-0DF0-429D-9C6A-264D64C3A9EB}.Release|Any CPU.ActiveCfg = Release|Any CPU
		{D877EF45-0DF0-429D-9C6A-264D64C3A9EB}.Release|Any CPU.Build.0 = Release|Any CPU
	EndGlobalSection
	GlobalSection(SolutionProperties) = preSolution
		HideSolutionNode = FALSE
	EndGlobalSection
EndGlobal
